
Microsoft Visual Studio Solution File, Format Version 12.00
# Visual Studio Version 16
VisualStudioVersion = 16.0.34114.132
MinimumVisualStudioVersion = 10.0.40219.1
Project("{FAE04EC0-301F-11D3-BF4B-00C04F79EFBC}") = "FinalProjectNHPT", "FinalProjectNHPT\FinalProjectNHPT.csproj", "{F269244A-5D19-4713-B393-835B5DEF2F31}"
EndProject
Global
	GlobalSection(SolutionConfigurationPlatforms) = preSolution
		Debug|Any CPU = Debug|Any CPU
		Release|Any CPU = Release|Any CPU
	EndGlobalSection
	GlobalSection(ProjectConfigurationPlatforms) = postSolution
		{F269244A-5D19-4713-B393-835B5DEF2F31}.Debug|Any CPU.ActiveCfg = Debug|Any CPU
		{F269244A-5D19-4713-B393-835B5DEF2F31}.Debug|Any CPU.Build.0 = Debug|Any CPU
		{F269244A-5D19-4713-B393-835B5DEF2F31}.Release|Any CPU.ActiveCfg = Release|Any CPU
		{F269244A-5D19-4713-B393-835B5DEF2F31}.Release|Any CPU.Build.0 = Release|Any CPU
	EndGlobalSection
	GlobalSection(SolutionProperties) = preSolution
		HideSolutionNode = FALSE
	EndGlobalSection
	GlobalSection(ExtensibilityGlobals) = postSolution
		SolutionGuid = {DA1DABE6-4087-4A6E-9701-C4056EC651E1}
	EndGlobalSection
EndGlobal
